{
  "name": "animated-container",
  "version": "0.0.1",
  "lockfileVersion": 1,
  "requires": true,
  "dependencies": {
    "@juggle/resize-observer": {
      "version": "2.0.3",
      "resolved": "https://registry.npmjs.org/@juggle/resize-observer/-/resize-observer-2.0.3.tgz",
      "integrity": "sha512-TLcZbPJHV5qHEweZCKM6RBCrq/QZN7MaHy8zaM9zo6YpQXxSKSB8bAfKjvKGj5IKUUeJ22ZVf8pTONGbnZCQNg=="
    },
    "@stencil/core": {
      "version": "1.1.3",
      "resolved": "https://registry.npmjs.org/@stencil/core/-/core-1.1.3.tgz",
      "integrity": "sha512-Pb8PfSvM/aK9h4G6ApYRcx315S+8+I27H5Qk/NSKx0M9/yAD1ureYhE7sMcupu/3mKMQmA7SLOa21aBTKISP4Q==",
      "dev": true,
      "requires": {
        "typescript": "3.5.2"
      }
    },
    "collections": {
      "version": "5.1.9",
      "resolved": "https://registry.npmjs.org/collections/-/collections-5.1.9.tgz",
      "integrity": "sha512-omsKk7VkxuYKsxKG9jdyNtqTVJXZuwLnK53lc7M7AW4cXKcEyK3F+4cfQFVOy4ivT+UWhJlvClrJI7qF2Ts6iA==",
      "requires": {
        "weak-map": "~1.0.x"
      }
    },
    "typescript": {
      "version": "3.5.2",
      "resolved": "https://registry.npmjs.org/typescript/-/typescript-3.5.2.tgz",
      "integrity": "sha512-7KxJovlYhTX5RaRbUdkAXN1KUZ8PwWlTzQdHV6xNqvuFOs7+WBo10TQUqT19Q/Jz2hk5v9TQDIhyLhhJY4p5AA==",
      "dev": true
    },
    "weak-map": {
      "version": "1.0.5",
      "resolved": "https://registry.npmjs.org/weak-map/-/weak-map-1.0.5.tgz",
      "integrity": "sha1-eWkVhNmGB/UHC9O3CkDmuyLkAes="
    }
  }
}
